
Microsoft Visual Studio Solution File, Format Version 11.00
# Visual Studio 2010
Project("{FAE04EC0-301F-11D3-BF4B-00C04F79EFBC}") = "WpfApplication1", "WpfApplication1\WpfApplication1.csproj", "{a8091c14-2d70-4134-b1d6-073879b3b222}"
EndProject
Global
	GlobalSection(SolutionConfigurationPlatforms) = preSolution
		Debug|Any CPU = Debug|Any CPU
		Release|Any CPU = Release|Any CPU
	EndGlobalSection
	GlobalSection(ProjectConfigurationPlatforms) = postSolution
		{A8091C14-2D70-4134-B1D6-073879B3B222}.Debug|Any CPU.ActiveCfg = Debug|Any CPU
		{A8091C14-2D70-4134-B1D6-073879B3B222}.Debug|Any CPU.Build.0 = Debug|Any CPU
		{A8091C14-2D70-4134-B1D6-073879B3B222}.Release|Any CPU.ActiveCfg = Release|Any CPU
		{A8091C14-2D70-4134-B1D6-073879B3B222}.Release|Any CPU.Build.0 = Release|Any CPU
	EndGlobalSection
EndGlobal
