
Microsoft Visual Studio Solution File, Format Version 11.00
# Visual Studio 2010
Project("{FAE04EC0-301F-11D3-BF4B-00C04F79EFBC}") = "Asp.net25", "projects\Asp.net25\Asp.net25.csproj", "{DFE5A376-1775-40CC-979A-4C0FEA95ADA9}"
EndProject
Project("{FAE04EC0-301F-11D3-BF4B-00C04F79EFBC}") = "cloudcodeclub.com", "projects\cloudcodeclub.com\cloudcodeclub.com.csproj", "{E4D5934F-FD09-49F7-A6E1-FC0488F1DBE3}"
EndProject
Project("{FAE04EC0-301F-11D3-BF4B-00C04F79EFBC}") = "ConsoleApplicationTest", "projects\ConsoleApplicationTest\ConsoleApplicationTest.csproj", "{FE1C2559-4FE4-492A-8D85-70021E2F3A9E}"
EndProject
Project("{FAE04EC0-301F-11D3-BF4B-00C04F79EFBC}") = "ModelsProject", "projects\ModelsProject\ModelsProject.csproj", "{B06C4D4B-DB5B-4B8E-BD49-46C0457819EB}"
EndProject
Project("{FAE04EC0-301F-11D3-BF4B-00C04F79EFBC}") = "WindowsFormsApp", "projects\WindowsFormsApp\WindowsFormsApp.csproj", "{D7F1CEC9-25D6-4592-9099-2581907EEDAF}"
EndProject
Project("{2150E333-8FDC-42A3-9474-1A3956D46DE8}") = "Clientside-Projects", "Clientside-Projects", "{AF595E5A-89C7-41FC-9FEE-6AEDA3EFFDD6}"
EndProject
Project("{FAE04EC0-301F-11D3-BF4B-00C04F79EFBC}") = "jqm", "projects\Clientside-Projects\jqm\jqm.csproj", "{B84CA9A9-614B-4B63-93FC-2571ED632F0D}"
EndProject
Project("{2150E333-8FDC-42A3-9474-1A3956D46DE8}") = ".nuget", ".nuget", "{AD856C4E-0415-4373-A7AD-60D8189FAC5B}"
	ProjectSection(SolutionItems) = preProject
		.nuget\packages.config = .nuget\packages.config
	EndProjectSection
EndProject
Project("{2150E333-8FDC-42A3-9474-1A3956D46DE8}") = "DesignPattern", "DesignPattern", "{DAC3C8C4-764C-44B9-B3E2-42D603EBB2D4}"
EndProject
Project("{FAE04EC0-301F-11D3-BF4B-00C04F79EFBC}") = "Console_AdapterPattern", "projects\DesignPattern\Console_DP\Console_AdapterPattern.csproj", "{3A3AD64E-36A1-487B-BBEE-EF6B958D1239}"
EndProject
Project("{FAE04EC0-301F-11D3-BF4B-00C04F79EFBC}") = "Console_AdapterPattern.Test", "projects\DesignPattern\Console_DP.Test\Console_AdapterPattern.Test.csproj", "{53BF7070-5D8E-46B0-9B1A-6CA815EA71B5}"
EndProject
Project("{2150E333-8FDC-42A3-9474-1A3956D46DE8}") = "Solution Items", "Solution Items", "{F33BDD51-237E-4188-936F-6987BBB118C3}"
	ProjectSection(SolutionItems) = preProject
		Local.testsettings = Local.testsettings
		Solution.vsmdi = Solution.vsmdi
		TraceAndTestImpact.testsettings = TraceAndTestImpact.testsettings
	EndProjectSection
EndProject
Project("{2150E333-8FDC-42A3-9474-1A3956D46DE8}") = "PHONEGAP", "PHONEGAP", "{7F7D7C24-2B56-424D-840C-DEDF138900F9}"
	ProjectSection(SolutionItems) = preProject
		Note.txt = Note.txt
	EndProjectSection
EndProject
Project("{FAE04EC0-301F-11D3-BF4B-00C04F79EFBC}") = "Console_FactoryPattern", "projects\DesignPattern\Console_FactoryPattern\Console_FactoryPattern.csproj", "{B81BA61E-B7C5-4D72-BBA0-F1E92467978F}"
EndProject
Project("{FAE04EC0-301F-11D3-BF4B-00C04F79EFBC}") = "Console_ObserverPattern", "projects\DesignPattern\Console_ObserverPattern\Console_ObserverPattern.csproj", "{D64554D3-477C-473A-9F7B-205B9BB2D9D0}"
EndProject
Project("{FAE04EC0-301F-11D3-BF4B-00C04F79EFBC}") = "Console_Prototype", "projects\DesignPattern\Console_Prototype\Console_Prototype.csproj", "{3498898C-B190-4C73-9343-8F37CC50612E}"
EndProject
Project("{FAE04EC0-301F-11D3-BF4B-00C04F79EFBC}") = "Console_VisitorPattern", "projects\DesignPattern\Console_VisitorPattern\Console_VisitorPattern.csproj", "{8D7C7886-B36F-4D29-A87E-6FEB61324965}"
EndProject
Project("{FAE04EC0-301F-11D3-BF4B-00C04F79EFBC}") = "Console_Singleton", "projects\DesignPattern\Console_Singleton\Console_Singleton.csproj", "{E00B965A-FB71-452D-AB9A-49B96739C728}"
EndProject
Project("{2150E333-8FDC-42A3-9474-1A3956D46DE8}") = "Apps", "Apps", "{15475FBE-3CCD-4C61-8C5A-E72E11FB74DA}"
EndProject
Project("{FAE04EC0-301F-11D3-BF4B-00C04F79EFBC}") = "DocArchive", "projects\Apps\DocArchive\DocArchive.csproj", "{DD322F66-0E88-4B71-B31C-C023C70FF601}"
EndProject
Project("{FAE04EC0-301F-11D3-BF4B-00C04F79EFBC}") = "DocArchive.Tests", "projects\Apps\DocArchive.Tests\DocArchive.Tests.csproj", "{FA8D26D5-836C-49C6-86F4-6E21F23C60C9}"
EndProject
Project("{FAE04EC0-301F-11D3-BF4B-00C04F79EFBC}") = "qunitjs", "projects\Clientside-Projects\qunitjs\qunitjs.csproj", "{6308284E-4BB9-4F83-B367-B053AE211FA0}"
EndProject
Project("{FAE04EC0-301F-11D3-BF4B-00C04F79EFBC}") = "WTopology", "projects\Apps\WTopology\WTopology.csproj", "{768DA25A-1384-4D7D-9D78-C43704B7C922}"
EndProject
Project("{FAE04EC0-301F-11D3-BF4B-00C04F79EFBC}") = "Accounting", "projects\Accounting\Accounting.csproj", "{6BAF8909-4FA4-4354-BAAC-8A0D5056B428}"
EndProject
Project("{2150E333-8FDC-42A3-9474-1A3956D46DE8}") = "WCFTEST", "WCFTEST", "{355BFC41-3C05-49B3-8DCC-D98CD64D37B4}"
	ProjectSection(SolutionItems) = preProject
		SetupWebService.txt = SetupWebService.txt
		webHttp.txt = webHttp.txt
	EndProjectSection
EndProject
Project("{FAE04EC0-301F-11D3-BF4B-00C04F79EFBC}") = "wcfLibrary", "WCFTEST\wcfLibrary\wcfLibrary.csproj", "{6188A44D-9BAE-4D75-8B4B-2FEB25513A8C}"
EndProject
Project("{FAE04EC0-301F-11D3-BF4B-00C04F79EFBC}") = "IISHost", "WCFTEST\IISHost\IISHost.csproj", "{9B5BD230-CA51-4274-80C9-180D7C3B7773}"
EndProject
Project("{FAE04EC0-301F-11D3-BF4B-00C04F79EFBC}") = "client", "WCFTEST\client\client.csproj", "{5ACAA4E9-E094-4E21-97C2-16494F32E43B}"
	ProjectSection(ProjectDependencies) = postProject
		{9B5BD230-CA51-4274-80C9-180D7C3B7773} = {9B5BD230-CA51-4274-80C9-180D7C3B7773}
	EndProjectSection
EndProject
Project("{FAE04EC0-301F-11D3-BF4B-00C04F79EFBC}") = "ConsoleHost", "WCFTEST\ConsoleHost\ConsoleHost.csproj", "{20B9E65E-8C0F-49EB-B8DA-10E57255D3A3}"
EndProject
Project("{FAE04EC0-301F-11D3-BF4B-00C04F79EFBC}") = "cryptography", "cryptography\cryptography.csproj", "{B3D260A9-A531-4E95-9CFF-B3E5415C031D}"
EndProject
Project("{FAE04EC0-301F-11D3-BF4B-00C04F79EFBC}") = "winServiceHost", "WCFTEST\winServiceHost\winServiceHost.csproj", "{C903F5B2-74FA-4018-9A1A-1384DF44F4B8}"
EndProject
Project("{2150E333-8FDC-42A3-9474-1A3956D46DE8}") = "WFP", "WFP", "{4C3DB19B-EC69-42ED-8AC8-B587AC9484A9}"
EndProject
Project("{FAE04EC0-301F-11D3-BF4B-00C04F79EFBC}") = "WpfApplication1", "projects\WPF\WpfApplication1\WpfApplication1\WpfApplication1.csproj", "{A8091C14-2D70-4134-B1D6-073879B3B222}"
EndProject
Project("{FAE04EC0-301F-11D3-BF4B-00C04F79EFBC}") = "CordovaStarter1", "projects\PhoneGap\CordovaStarter1\CordovaStarter1.csproj", "{D395DCBD-B755-495E-BE2B-D80EB3A4CAB5}"
EndProject
Project("{FAE04EC0-301F-11D3-BF4B-00C04F79EFBC}") = "PhoneGapBackend", "projects\PhoneGap\PhoneGapBackend\PhoneGapBackend.csproj", "{3FFB23FC-34B1-495A-A399-453D8C151B06}"
EndProject
Project("{FAE04EC0-301F-11D3-BF4B-00C04F79EFBC}") = "WTopology.test", "projects\Apps\WTopology.test\WTopology.test.csproj", "{8F3D0821-80EE-4AD2-A9A9-9FD1FF14C9F8}"
EndProject
Project("{FAE04EC0-301F-11D3-BF4B-00C04F79EFBC}") = "RDP", "projects\RDP\RDP.csproj", "{5C8BECF5-8309-42A3-A84D-1790D0F9AF0D}"
EndProject
Project("{2150E333-8FDC-42A3-9474-1A3956D46DE8}") = "FinalWork", "FinalWork", "{E7A3C695-EFCE-402D-8242-B5AF0C668CF2}"
EndProject
Project("{FAE04EC0-301F-11D3-BF4B-00C04F79EFBC}") = "WebApplication1", "projects\FinalWork\WebApplication1\WebApplication1.csproj", "{45064BB2-B95C-4F14-B5B3-9862B9EBAD67}"
EndProject
Project("{FAE04EC0-301F-11D3-BF4B-00C04F79EFBC}") = "MvcApplication1", "projects\FinalWork\MvcApplication1\MvcApplication1.csproj", "{8C56968E-853C-4BD5-8CA2-4FC8B4553A04}"
EndProject
Project("{FAE04EC0-301F-11D3-BF4B-00C04F79EFBC}") = "Console", "projects\FinalWork\Console\Console.csproj", "{B6A2440D-8380-478C-8221-79C738EDB886}"
EndProject
Global
	GlobalSection(TestCaseManagementSettings) = postSolution
		CategoryFile = Solution.vsmdi
	EndGlobalSection
	GlobalSection(SolutionConfigurationPlatforms) = preSolution
		Debug|Any CPU = Debug|Any CPU
		Debug|Mixed Platforms = Debug|Mixed Platforms
		Debug|x86 = Debug|x86
		Release|Any CPU = Release|Any CPU
		Release|Mixed Platforms = Release|Mixed Platforms
		Release|x86 = Release|x86
	EndGlobalSection
	GlobalSection(ProjectConfigurationPlatforms) = postSolution
		{DFE5A376-1775-40CC-979A-4C0FEA95ADA9}.Debug|Any CPU.ActiveCfg = Debug|Any CPU
		{DFE5A376-1775-40CC-979A-4C0FEA95ADA9}.Debug|Any CPU.Build.0 = Debug|Any CPU
		{DFE5A376-1775-40CC-979A-4C0FEA95ADA9}.Debug|Mixed Platforms.ActiveCfg = Debug|Any CPU
		{DFE5A376-1775-40CC-979A-4C0FEA95ADA9}.Debug|Mixed Platforms.Build.0 = Debug|Any CPU
		{DFE5A376-1775-40CC-979A-4C0FEA95ADA9}.Debug|x86.ActiveCfg = Debug|Any CPU
		{DFE5A376-1775-40CC-979A-4C0FEA95ADA9}.Release|Any CPU.ActiveCfg = Release|Any CPU
		{DFE5A376-1775-40CC-979A-4C0FEA95ADA9}.Release|Any CPU.Build.0 = Release|Any CPU
		{DFE5A376-1775-40CC-979A-4C0FEA95ADA9}.Release|Mixed Platforms.ActiveCfg = Release|Any CPU
		{DFE5A376-1775-40CC-979A-4C0FEA95ADA9}.Release|Mixed Platforms.Build.0 = Release|Any CPU
		{DFE5A376-1775-40CC-979A-4C0FEA95ADA9}.Release|x86.ActiveCfg = Release|Any CPU
		{E4D5934F-FD09-49F7-A6E1-FC0488F1DBE3}.Debug|Any CPU.ActiveCfg = Debug|Any CPU
		{E4D5934F-FD09-49F7-A6E1-FC0488F1DBE3}.Debug|Any CPU.Build.0 = Debug|Any CPU
		{E4D5934F-FD09-49F7-A6E1-FC0488F1DBE3}.Debug|Mixed Platforms.ActiveCfg = Debug|Any CPU
		{E4D5934F-FD09-49F7-A6E1-FC0488F1DBE3}.Debug|Mixed Platforms.Build.0 = Debug|Any CPU
		{E4D5934F-FD09-49F7-A6E1-FC0488F1DBE3}.Debug|x86.ActiveCfg = Debug|Any CPU
		{E4D5934F-FD09-49F7-A6E1-FC0488F1DBE3}.Release|Any CPU.ActiveCfg = Release|Any CPU
		{E4D5934F-FD09-49F7-A6E1-FC0488F1DBE3}.Release|Any CPU.Build.0 = Release|Any CPU
		{E4D5934F-FD09-49F7-A6E1-FC0488F1DBE3}.Release|Mixed Platforms.ActiveCfg = Release|Any CPU
		{E4D5934F-FD09-49F7-A6E1-FC0488F1DBE3}.Release|Mixed Platforms.Build.0 = Release|Any CPU
		{E4D5934F-FD09-49F7-A6E1-FC0488F1DBE3}.Release|x86.ActiveCfg = Release|Any CPU
		{FE1C2559-4FE4-492A-8D85-70021E2F3A9E}.Debug|Any CPU.ActiveCfg = Debug|x86
		{FE1C2559-4FE4-492A-8D85-70021E2F3A9E}.Debug|Mixed Platforms.ActiveCfg = Debug|x86
		{FE1C2559-4FE4-492A-8D85-70021E2F3A9E}.Debug|Mixed Platforms.Build.0 = Debug|x86
		{FE1C2559-4FE4-492A-8D85-70021E2F3A9E}.Debug|x86.ActiveCfg = Debug|x86
		{FE1C2559-4FE4-492A-8D85-70021E2F3A9E}.Debug|x86.Build.0 = Debug|x86
		{FE1C2559-4FE4-492A-8D85-70021E2F3A9E}.Release|Any CPU.ActiveCfg = Release|x86
		{FE1C2559-4FE4-492A-8D85-70021E2F3A9E}.Release|Mixed Platforms.ActiveCfg = Release|x86
		{FE1C2559-4FE4-492A-8D85-70021E2F3A9E}.Release|Mixed Platforms.Build.0 = Release|x86
		{FE1C2559-4FE4-492A-8D85-70021E2F3A9E}.Release|x86.ActiveCfg = Release|x86
		{FE1C2559-4FE4-492A-8D85-70021E2F3A9E}.Release|x86.Build.0 = Release|x86
		{B06C4D4B-DB5B-4B8E-BD49-46C0457819EB}.Debug|Any CPU.ActiveCfg = Debug|Any CPU
		{B06C4D4B-DB5B-4B8E-BD49-46C0457819EB}.Debug|Any CPU.Build.0 = Debug|Any CPU
		{B06C4D4B-DB5B-4B8E-BD49-46C0457819EB}.Debug|Mixed Platforms.ActiveCfg = Debug|Any CPU
		{B06C4D4B-DB5B-4B8E-BD49-46C0457819EB}.Debug|Mixed Platforms.Build.0 = Debug|Any CPU
		{B06C4D4B-DB5B-4B8E-BD49-46C0457819EB}.Debug|x86.ActiveCfg = Debug|Any CPU
		{B06C4D4B-DB5B-4B8E-BD49-46C0457819EB}.Release|Any CPU.ActiveCfg = Release|Any CPU
		{B06C4D4B-DB5B-4B8E-BD49-46C0457819EB}.Release|Any CPU.Build.0 = Release|Any CPU
		{B06C4D4B-DB5B-4B8E-BD49-46C0457819EB}.Release|Mixed Platforms.ActiveCfg = Release|Any CPU
		{B06C4D4B-DB5B-4B8E-BD49-46C0457819EB}.Release|Mixed Platforms.Build.0 = Release|Any CPU
		{B06C4D4B-DB5B-4B8E-BD49-46C0457819EB}.Release|x86.ActiveCfg = Release|Any CPU
		{D7F1CEC9-25D6-4592-9099-2581907EEDAF}.Debug|Any CPU.ActiveCfg = Debug|x86
		{D7F1CEC9-25D6-4592-9099-2581907EEDAF}.Debug|Mixed Platforms.ActiveCfg = Debug|x86
		{D7F1CEC9-25D6-4592-9099-2581907EEDAF}.Debug|Mixed Platforms.Build.0 = Debug|x86
		{D7F1CEC9-25D6-4592-9099-2581907EEDAF}.Debug|x86.ActiveCfg = Debug|x86
		{D7F1CEC9-25D6-4592-9099-2581907EEDAF}.Debug|x86.Build.0 = Debug|x86
		{D7F1CEC9-25D6-4592-9099-2581907EEDAF}.Release|Any CPU.ActiveCfg = Release|x86
		{D7F1CEC9-25D6-4592-9099-2581907EEDAF}.Release|Mixed Platforms.ActiveCfg = Release|x86
		{D7F1CEC9-25D6-4592-9099-2581907EEDAF}.Release|Mixed Platforms.Build.0 = Release|x86
		{D7F1CEC9-25D6-4592-9099-2581907EEDAF}.Release|x86.ActiveCfg = Release|x86
		{D7F1CEC9-25D6-4592-9099-2581907EEDAF}.Release|x86.Build.0 = Release|x86
		{B84CA9A9-614B-4B63-93FC-2571ED632F0D}.Debug|Any CPU.ActiveCfg = Debug|Any CPU
		{B84CA9A9-614B-4B63-93FC-2571ED632F0D}.Debug|Any CPU.Build.0 = Debug|Any CPU
		{B84CA9A9-614B-4B63-93FC-2571ED632F0D}.Debug|Mixed Platforms.ActiveCfg = Debug|Any CPU
		{B84CA9A9-614B-4B63-93FC-2571ED632F0D}.Debug|Mixed Platforms.Build.0 = Debug|Any CPU
		{B84CA9A9-614B-4B63-93FC-2571ED632F0D}.Debug|x86.ActiveCfg = Debug|Any CPU
		{B84CA9A9-614B-4B63-93FC-2571ED632F0D}.Release|Any CPU.ActiveCfg = Release|Any CPU
		{B84CA9A9-614B-4B63-93FC-2571ED632F0D}.Release|Any CPU.Build.0 = Release|Any CPU
		{B84CA9A9-614B-4B63-93FC-2571ED632F0D}.Release|Mixed Platforms.ActiveCfg = Release|Any CPU
		{B84CA9A9-614B-4B63-93FC-2571ED632F0D}.Release|Mixed Platforms.Build.0 = Release|Any CPU
		{B84CA9A9-614B-4B63-93FC-2571ED632F0D}.Release|x86.ActiveCfg = Release|Any CPU
		{3A3AD64E-36A1-487B-BBEE-EF6B958D1239}.Debug|Any CPU.ActiveCfg = Debug|x86
		{3A3AD64E-36A1-487B-BBEE-EF6B958D1239}.Debug|Mixed Platforms.ActiveCfg = Debug|x86
		{3A3AD64E-36A1-487B-BBEE-EF6B958D1239}.Debug|Mixed Platforms.Build.0 = Debug|x86
		{3A3AD64E-36A1-487B-BBEE-EF6B958D1239}.Debug|x86.ActiveCfg = Debug|x86
		{3A3AD64E-36A1-487B-BBEE-EF6B958D1239}.Debug|x86.Build.0 = Debug|x86
		{3A3AD64E-36A1-487B-BBEE-EF6B958D1239}.Release|Any CPU.ActiveCfg = Release|x86
		{3A3AD64E-36A1-487B-BBEE-EF6B958D1239}.Release|Mixed Platforms.ActiveCfg = Release|x86
		{3A3AD64E-36A1-487B-BBEE-EF6B958D1239}.Release|Mixed Platforms.Build.0 = Release|x86
		{3A3AD64E-36A1-487B-BBEE-EF6B958D1239}.Release|x86.ActiveCfg = Release|x86
		{3A3AD64E-36A1-487B-BBEE-EF6B958D1239}.Release|x86.Build.0 = Release|x86
		{53BF7070-5D8E-46B0-9B1A-6CA815EA71B5}.Debug|Any CPU.ActiveCfg = Debug|Any CPU
		{53BF7070-5D8E-46B0-9B1A-6CA815EA71B5}.Debug|Any CPU.Build.0 = Debug|Any CPU
		{53BF7070-5D8E-46B0-9B1A-6CA815EA71B5}.Debug|Mixed Platforms.ActiveCfg = Debug|Any CPU
		{53BF7070-5D8E-46B0-9B1A-6CA815EA71B5}.Debug|Mixed Platforms.Build.0 = Debug|Any CPU
		{53BF7070-5D8E-46B0-9B1A-6CA815EA71B5}.Debug|x86.ActiveCfg = Debug|Any CPU
		{53BF7070-5D8E-46B0-9B1A-6CA815EA71B5}.Release|Any CPU.ActiveCfg = Release|Any CPU
		{53BF7070-5D8E-46B0-9B1A-6CA815EA71B5}.Release|Any CPU.Build.0 = Release|Any CPU
		{53BF7070-5D8E-46B0-9B1A-6CA815EA71B5}.Release|Mixed Platforms.ActiveCfg = Release|Any CPU
		{53BF7070-5D8E-46B0-9B1A-6CA815EA71B5}.Release|Mixed Platforms.Build.0 = Release|Any CPU
		{53BF7070-5D8E-46B0-9B1A-6CA815EA71B5}.Release|x86.ActiveCfg = Release|Any CPU
		{B81BA61E-B7C5-4D72-BBA0-F1E92467978F}.Debug|Any CPU.ActiveCfg = Debug|x86
		{B81BA61E-B7C5-4D72-BBA0-F1E92467978F}.Debug|Mixed Platforms.ActiveCfg = Debug|x86
		{B81BA61E-B7C5-4D72-BBA0-F1E92467978F}.Debug|Mixed Platforms.Build.0 = Debug|x86
		{B81BA61E-B7C5-4D72-BBA0-F1E92467978F}.Debug|x86.ActiveCfg = Debug|x86
		{B81BA61E-B7C5-4D72-BBA0-F1E92467978F}.Debug|x86.Build.0 = Debug|x86
		{B81BA61E-B7C5-4D72-BBA0-F1E92467978F}.Release|Any CPU.ActiveCfg = Release|x86
		{B81BA61E-B7C5-4D72-BBA0-F1E92467978F}.Release|Mixed Platforms.ActiveCfg = Release|x86
		{B81BA61E-B7C5-4D72-BBA0-F1E92467978F}.Release|Mixed Platforms.Build.0 = Release|x86
		{B81BA61E-B7C5-4D72-BBA0-F1E92467978F}.Release|x86.ActiveCfg = Release|x86
		{B81BA61E-B7C5-4D72-BBA0-F1E92467978F}.Release|x86.Build.0 = Release|x86
		{D64554D3-477C-473A-9F7B-205B9BB2D9D0}.Debug|Any CPU.ActiveCfg = Debug|x86
		{D64554D3-477C-473A-9F7B-205B9BB2D9D0}.Debug|Mixed Platforms.ActiveCfg = Debug|x86
		{D64554D3-477C-473A-9F7B-205B9BB2D9D0}.Debug|Mixed Platforms.Build.0 = Debug|x86
		{D64554D3-477C-473A-9F7B-205B9BB2D9D0}.Debug|x86.ActiveCfg = Debug|x86
		{D64554D3-477C-473A-9F7B-205B9BB2D9D0}.Debug|x86.Build.0 = Debug|x86
		{D64554D3-477C-473A-9F7B-205B9BB2D9D0}.Release|Any CPU.ActiveCfg = Release|x86
		{D64554D3-477C-473A-9F7B-205B9BB2D9D0}.Release|Mixed Platforms.ActiveCfg = Release|x86
		{D64554D3-477C-473A-9F7B-205B9BB2D9D0}.Release|Mixed Platforms.Build.0 = Release|x86
		{D64554D3-477C-473A-9F7B-205B9BB2D9D0}.Release|x86.ActiveCfg = Release|x86
		{D64554D3-477C-473A-9F7B-205B9BB2D9D0}.Release|x86.Build.0 = Release|x86
		{3498898C-B190-4C73-9343-8F37CC50612E}.Debug|Any CPU.ActiveCfg = Debug|x86
		{3498898C-B190-4C73-9343-8F37CC50612E}.Debug|Mixed Platforms.ActiveCfg = Debug|x86
		{3498898C-B190-4C73-9343-8F37CC50612E}.Debug|Mixed Platforms.Build.0 = Debug|x86
		{3498898C-B190-4C73-9343-8F37CC50612E}.Debug|x86.ActiveCfg = Debug|x86
		{3498898C-B190-4C73-9343-8F37CC50612E}.Debug|x86.Build.0 = Debug|x86
		{3498898C-B190-4C73-9343-8F37CC50612E}.Release|Any CPU.ActiveCfg = Release|x86
		{3498898C-B190-4C73-9343-8F37CC50612E}.Release|Mixed Platforms.ActiveCfg = Release|x86
		{3498898C-B190-4C73-9343-8F37CC50612E}.Release|Mixed Platforms.Build.0 = Release|x86
		{3498898C-B190-4C73-9343-8F37CC50612E}.Release|x86.ActiveCfg = Release|x86
		{3498898C-B190-4C73-9343-8F37CC50612E}.Release|x86.Build.0 = Release|x86
		{8D7C7886-B36F-4D29-A87E-6FEB61324965}.Debug|Any CPU.ActiveCfg = Debug|x86
		{8D7C7886-B36F-4D29-A87E-6FEB61324965}.Debug|Mixed Platforms.ActiveCfg = Debug|x86
		{8D7C7886-B36F-4D29-A87E-6FEB61324965}.Debug|Mixed Platforms.Build.0 = Debug|x86
		{8D7C7886-B36F-4D29-A87E-6FEB61324965}.Debug|x86.ActiveCfg = Debug|x86
		{8D7C7886-B36F-4D29-A87E-6FEB61324965}.Debug|x86.Build.0 = Debug|x86
		{8D7C7886-B36F-4D29-A87E-6FEB61324965}.Release|Any CPU.ActiveCfg = Release|x86
		{8D7C7886-B36F-4D29-A87E-6FEB61324965}.Release|Mixed Platforms.ActiveCfg = Release|x86
		{8D7C7886-B36F-4D29-A87E-6FEB61324965}.Release|Mixed Platforms.Build.0 = Release|x86
		{8D7C7886-B36F-4D29-A87E-6FEB61324965}.Release|x86.ActiveCfg = Release|x86
		{8D7C7886-B36F-4D29-A87E-6FEB61324965}.Release|x86.Build.0 = Release|x86
		{E00B965A-FB71-452D-AB9A-49B96739C728}.Debug|Any CPU.ActiveCfg = Debug|x86
		{E00B965A-FB71-452D-AB9A-49B96739C728}.Debug|Mixed Platforms.ActiveCfg = Debug|x86
		{E00B965A-FB71-452D-AB9A-49B96739C728}.Debug|Mixed Platforms.Build.0 = Debug|x86
		{E00B965A-FB71-452D-AB9A-49B96739C728}.Debug|x86.ActiveCfg = Debug|x86
		{E00B965A-FB71-452D-AB9A-49B96739C728}.Debug|x86.Build.0 = Debug|x86
		{E00B965A-FB71-452D-AB9A-49B96739C728}.Release|Any CPU.ActiveCfg = Release|x86
		{E00B965A-FB71-452D-AB9A-49B96739C728}.Release|Mixed Platforms.ActiveCfg = Release|x86
		{E00B965A-FB71-452D-AB9A-49B96739C728}.Release|Mixed Platforms.Build.0 = Release|x86
		{E00B965A-FB71-452D-AB9A-49B96739C728}.Release|x86.ActiveCfg = Release|x86
		{E00B965A-FB71-452D-AB9A-49B96739C728}.Release|x86.Build.0 = Release|x86
		{DD322F66-0E88-4B71-B31C-C023C70FF601}.Debug|Any CPU.ActiveCfg = Debug|Any CPU
		{DD322F66-0E88-4B71-B31C-C023C70FF601}.Debug|Any CPU.Build.0 = Debug|Any CPU
		{DD322F66-0E88-4B71-B31C-C023C70FF601}.Debug|Mixed Platforms.ActiveCfg = Debug|Any CPU
		{DD322F66-0E88-4B71-B31C-C023C70FF601}.Debug|Mixed Platforms.Build.0 = Debug|Any CPU
		{DD322F66-0E88-4B71-B31C-C023C70FF601}.Debug|x86.ActiveCfg = Debug|Any CPU
		{DD322F66-0E88-4B71-B31C-C023C70FF601}.Release|Any CPU.ActiveCfg = Release|Any CPU
		{DD322F66-0E88-4B71-B31C-C023C70FF601}.Release|Any CPU.Build.0 = Release|Any CPU
		{DD322F66-0E88-4B71-B31C-C023C70FF601}.Release|Mixed Platforms.ActiveCfg = Release|Any CPU
		{DD322F66-0E88-4B71-B31C-C023C70FF601}.Release|Mixed Platforms.Build.0 = Release|Any CPU
		{DD322F66-0E88-4B71-B31C-C023C70FF601}.Release|x86.ActiveCfg = Release|Any CPU
		{FA8D26D5-836C-49C6-86F4-6E21F23C60C9}.Debug|Any CPU.ActiveCfg = Debug|Any CPU
		{FA8D26D5-836C-49C6-86F4-6E21F23C60C9}.Debug|Any CPU.Build.0 = Debug|Any CPU
		{FA8D26D5-836C-49C6-86F4-6E21F23C60C9}.Debug|Mixed Platforms.ActiveCfg = Debug|Any CPU
		{FA8D26D5-836C-49C6-86F4-6E21F23C60C9}.Debug|Mixed Platforms.Build.0 = Debug|Any CPU
		{FA8D26D5-836C-49C6-86F4-6E21F23C60C9}.Debug|x86.ActiveCfg = Debug|Any CPU
		{FA8D26D5-836C-49C6-86F4-6E21F23C60C9}.Release|Any CPU.ActiveCfg = Release|Any CPU
		{FA8D26D5-836C-49C6-86F4-6E21F23C60C9}.Release|Any CPU.Build.0 = Release|Any CPU
		{FA8D26D5-836C-49C6-86F4-6E21F23C60C9}.Release|Mixed Platforms.ActiveCfg = Release|Any CPU
		{FA8D26D5-836C-49C6-86F4-6E21F23C60C9}.Release|Mixed Platforms.Build.0 = Release|Any CPU
		{FA8D26D5-836C-49C6-86F4-6E21F23C60C9}.Release|x86.ActiveCfg = Release|Any CPU
		{6308284E-4BB9-4F83-B367-B053AE211FA0}.Debug|Any CPU.ActiveCfg = Debug|Any CPU
		{6308284E-4BB9-4F83-B367-B053AE211FA0}.Debug|Any CPU.Build.0 = Debug|Any CPU
		{6308284E-4BB9-4F83-B367-B053AE211FA0}.Debug|Mixed Platforms.ActiveCfg = Debug|Any CPU
		{6308284E-4BB9-4F83-B367-B053AE211FA0}.Debug|Mixed Platforms.Build.0 = Debug|Any CPU
		{6308284E-4BB9-4F83-B367-B053AE211FA0}.Debug|x86.ActiveCfg = Debug|Any CPU
		{6308284E-4BB9-4F83-B367-B053AE211FA0}.Release|Any CPU.ActiveCfg = Release|Any CPU
		{6308284E-4BB9-4F83-B367-B053AE211FA0}.Release|Any CPU.Build.0 = Release|Any CPU
		{6308284E-4BB9-4F83-B367-B053AE211FA0}.Release|Mixed Platforms.ActiveCfg = Release|Any CPU
		{6308284E-4BB9-4F83-B367-B053AE211FA0}.Release|Mixed Platforms.Build.0 = Release|Any CPU
		{6308284E-4BB9-4F83-B367-B053AE211FA0}.Release|x86.ActiveCfg = Release|Any CPU
		{768DA25A-1384-4D7D-9D78-C43704B7C922}.Debug|Any CPU.ActiveCfg = Debug|Any CPU
		{768DA25A-1384-4D7D-9D78-C43704B7C922}.Debug|Any CPU.Build.0 = Debug|Any CPU
		{768DA25A-1384-4D7D-9D78-C43704B7C922}.Debug|Mixed Platforms.ActiveCfg = Debug|Any CPU
		{768DA25A-1384-4D7D-9D78-C43704B7C922}.Debug|Mixed Platforms.Build.0 = Debug|Any CPU
		{768DA25A-1384-4D7D-9D78-C43704B7C922}.Debug|x86.ActiveCfg = Debug|Any CPU
		{768DA25A-1384-4D7D-9D78-C43704B7C922}.Release|Any CPU.ActiveCfg = Release|Any CPU
		{768DA25A-1384-4D7D-9D78-C43704B7C922}.Release|Any CPU.Build.0 = Release|Any CPU
		{768DA25A-1384-4D7D-9D78-C43704B7C922}.Release|Mixed Platforms.ActiveCfg = Release|Any CPU
		{768DA25A-1384-4D7D-9D78-C43704B7C922}.Release|Mixed Platforms.Build.0 = Release|Any CPU
		{768DA25A-1384-4D7D-9D78-C43704B7C922}.Release|x86.ActiveCfg = Release|Any CPU
		{6BAF8909-4FA4-4354-BAAC-8A0D5056B428}.Debug|Any CPU.ActiveCfg = Debug|x86
		{6BAF8909-4FA4-4354-BAAC-8A0D5056B428}.Debug|Mixed Platforms.ActiveCfg = Debug|x86
		{6BAF8909-4FA4-4354-BAAC-8A0D5056B428}.Debug|Mixed Platforms.Build.0 = Debug|x86
		{6BAF8909-4FA4-4354-BAAC-8A0D5056B428}.Debug|x86.ActiveCfg = Debug|x86
		{6BAF8909-4FA4-4354-BAAC-8A0D5056B428}.Debug|x86.Build.0 = Debug|x86
		{6BAF8909-4FA4-4354-BAAC-8A0D5056B428}.Release|Any CPU.ActiveCfg = Release|x86
		{6BAF8909-4FA4-4354-BAAC-8A0D5056B428}.Release|Mixed Platforms.ActiveCfg = Release|x86
		{6BAF8909-4FA4-4354-BAAC-8A0D5056B428}.Release|Mixed Platforms.Build.0 = Release|x86
		{6BAF8909-4FA4-4354-BAAC-8A0D5056B428}.Release|x86.ActiveCfg = Release|x86
		{6BAF8909-4FA4-4354-BAAC-8A0D5056B428}.Release|x86.Build.0 = Release|x86
		{6188A44D-9BAE-4D75-8B4B-2FEB25513A8C}.Debug|Any CPU.ActiveCfg = Debug|Any CPU
		{6188A44D-9BAE-4D75-8B4B-2FEB25513A8C}.Debug|Any CPU.Build.0 = Debug|Any CPU
		{6188A44D-9BAE-4D75-8B4B-2FEB25513A8C}.Debug|Mixed Platforms.ActiveCfg = Debug|Any CPU
		{6188A44D-9BAE-4D75-8B4B-2FEB25513A8C}.Debug|Mixed Platforms.Build.0 = Debug|Any CPU
		{6188A44D-9BAE-4D75-8B4B-2FEB25513A8C}.Debug|x86.ActiveCfg = Debug|Any CPU
		{6188A44D-9BAE-4D75-8B4B-2FEB25513A8C}.Release|Any CPU.ActiveCfg = Release|Any CPU
		{6188A44D-9BAE-4D75-8B4B-2FEB25513A8C}.Release|Any CPU.Build.0 = Release|Any CPU
		{6188A44D-9BAE-4D75-8B4B-2FEB25513A8C}.Release|Mixed Platforms.ActiveCfg = Release|Any CPU
		{6188A44D-9BAE-4D75-8B4B-2FEB25513A8C}.Release|Mixed Platforms.Build.0 = Release|Any CPU
		{6188A44D-9BAE-4D75-8B4B-2FEB25513A8C}.Release|x86.ActiveCfg = Release|Any CPU
		{9B5BD230-CA51-4274-80C9-180D7C3B7773}.Debug|Any CPU.ActiveCfg = Debug|Any CPU
		{9B5BD230-CA51-4274-80C9-180D7C3B7773}.Debug|Any CPU.Build.0 = Debug|Any CPU
		{9B5BD230-CA51-4274-80C9-180D7C3B7773}.Debug|Mixed Platforms.ActiveCfg = Debug|Any CPU
		{9B5BD230-CA51-4274-80C9-180D7C3B7773}.Debug|Mixed Platforms.Build.0 = Debug|Any CPU
		{9B5BD230-CA51-4274-80C9-180D7C3B7773}.Debug|x86.ActiveCfg = Debug|Any CPU
		{9B5BD230-CA51-4274-80C9-180D7C3B7773}.Release|Any CPU.ActiveCfg = Release|Any CPU
		{9B5BD230-CA51-4274-80C9-180D7C3B7773}.Release|Any CPU.Build.0 = Release|Any CPU
		{9B5BD230-CA51-4274-80C9-180D7C3B7773}.Release|Mixed Platforms.ActiveCfg = Release|Any CPU
		{9B5BD230-CA51-4274-80C9-180D7C3B7773}.Release|Mixed Platforms.Build.0 = Release|Any CPU
		{9B5BD230-CA51-4274-80C9-180D7C3B7773}.Release|x86.ActiveCfg = Release|Any CPU
		{5ACAA4E9-E094-4E21-97C2-16494F32E43B}.Debug|Any CPU.ActiveCfg = Debug|x86
		{5ACAA4E9-E094-4E21-97C2-16494F32E43B}.Debug|Mixed Platforms.ActiveCfg = Debug|x86
		{5ACAA4E9-E094-4E21-97C2-16494F32E43B}.Debug|Mixed Platforms.Build.0 = Debug|x86
		{5ACAA4E9-E094-4E21-97C2-16494F32E43B}.Debug|x86.ActiveCfg = Debug|x86
		{5ACAA4E9-E094-4E21-97C2-16494F32E43B}.Debug|x86.Build.0 = Debug|x86
		{5ACAA4E9-E094-4E21-97C2-16494F32E43B}.Release|Any CPU.ActiveCfg = Release|x86
		{5ACAA4E9-E094-4E21-97C2-16494F32E43B}.Release|Mixed Platforms.ActiveCfg = Release|x86
		{5ACAA4E9-E094-4E21-97C2-16494F32E43B}.Release|Mixed Platforms.Build.0 = Release|x86
		{5ACAA4E9-E094-4E21-97C2-16494F32E43B}.Release|x86.ActiveCfg = Release|x86
		{5ACAA4E9-E094-4E21-97C2-16494F32E43B}.Release|x86.Build.0 = Release|x86
		{20B9E65E-8C0F-49EB-B8DA-10E57255D3A3}.Debug|Any CPU.ActiveCfg = Debug|x86
		{20B9E65E-8C0F-49EB-B8DA-10E57255D3A3}.Debug|Mixed Platforms.ActiveCfg = Debug|x86
		{20B9E65E-8C0F-49EB-B8DA-10E57255D3A3}.Debug|Mixed Platforms.Build.0 = Debug|x86
		{20B9E65E-8C0F-49EB-B8DA-10E57255D3A3}.Debug|x86.ActiveCfg = Debug|x86
		{20B9E65E-8C0F-49EB-B8DA-10E57255D3A3}.Debug|x86.Build.0 = Debug|x86
		{20B9E65E-8C0F-49EB-B8DA-10E57255D3A3}.Release|Any CPU.ActiveCfg = Release|x86
		{20B9E65E-8C0F-49EB-B8DA-10E57255D3A3}.Release|Mixed Platforms.ActiveCfg = Release|x86
		{20B9E65E-8C0F-49EB-B8DA-10E57255D3A3}.Release|Mixed Platforms.Build.0 = Release|x86
		{20B9E65E-8C0F-49EB-B8DA-10E57255D3A3}.Release|x86.ActiveCfg = Release|x86
		{20B9E65E-8C0F-49EB-B8DA-10E57255D3A3}.Release|x86.Build.0 = Release|x86
		{B3D260A9-A531-4E95-9CFF-B3E5415C031D}.Debug|Any CPU.ActiveCfg = Debug|x86
		{B3D260A9-A531-4E95-9CFF-B3E5415C031D}.Debug|Mixed Platforms.ActiveCfg = Debug|x86
		{B3D260A9-A531-4E95-9CFF-B3E5415C031D}.Debug|Mixed Platforms.Build.0 = Debug|x86
		{B3D260A9-A531-4E95-9CFF-B3E5415C031D}.Debug|x86.ActiveCfg = Debug|x86
		{B3D260A9-A531-4E95-9CFF-B3E5415C031D}.Debug|x86.Build.0 = Debug|x86
		{B3D260A9-A531-4E95-9CFF-B3E5415C031D}.Release|Any CPU.ActiveCfg = Release|x86
		{B3D260A9-A531-4E95-9CFF-B3E5415C031D}.Release|Mixed Platforms.ActiveCfg = Release|x86
		{B3D260A9-A531-4E95-9CFF-B3E5415C031D}.Release|Mixed Platforms.Build.0 = Release|x86
		{B3D260A9-A531-4E95-9CFF-B3E5415C031D}.Release|x86.ActiveCfg = Release|x86
		{B3D260A9-A531-4E95-9CFF-B3E5415C031D}.Release|x86.Build.0 = Release|x86
		{C903F5B2-74FA-4018-9A1A-1384DF44F4B8}.Debug|Any CPU.ActiveCfg = Debug|x86
		{C903F5B2-74FA-4018-9A1A-1384DF44F4B8}.Debug|Mixed Platforms.ActiveCfg = Debug|x86
		{C903F5B2-74FA-4018-9A1A-1384DF44F4B8}.Debug|Mixed Platforms.Build.0 = Debug|x86
		{C903F5B2-74FA-4018-9A1A-1384DF44F4B8}.Debug|x86.ActiveCfg = Debug|x86
		{C903F5B2-74FA-4018-9A1A-1384DF44F4B8}.Debug|x86.Build.0 = Debug|x86
		{C903F5B2-74FA-4018-9A1A-1384DF44F4B8}.Release|Any CPU.ActiveCfg = Release|x86
		{C903F5B2-74FA-4018-9A1A-1384DF44F4B8}.Release|Mixed Platforms.ActiveCfg = Release|x86
		{C903F5B2-74FA-4018-9A1A-1384DF44F4B8}.Release|Mixed Platforms.Build.0 = Release|x86
		{C903F5B2-74FA-4018-9A1A-1384DF44F4B8}.Release|x86.ActiveCfg = Release|x86
		{C903F5B2-74FA-4018-9A1A-1384DF44F4B8}.Release|x86.Build.0 = Release|x86
		{A8091C14-2D70-4134-B1D6-073879B3B222}.Debug|Any CPU.ActiveCfg = Debug|Any CPU
		{A8091C14-2D70-4134-B1D6-073879B3B222}.Debug|Any CPU.Build.0 = Debug|Any CPU
		{A8091C14-2D70-4134-B1D6-073879B3B222}.Debug|Mixed Platforms.ActiveCfg = Debug|Any CPU
		{A8091C14-2D70-4134-B1D6-073879B3B222}.Debug|Mixed Platforms.Build.0 = Debug|Any CPU
		{A8091C14-2D70-4134-B1D6-073879B3B222}.Debug|x86.ActiveCfg = Debug|Any CPU
		{A8091C14-2D70-4134-B1D6-073879B3B222}.Release|Any CPU.ActiveCfg = Release|Any CPU
		{A8091C14-2D70-4134-B1D6-073879B3B222}.Release|Any CPU.Build.0 = Release|Any CPU
		{A8091C14-2D70-4134-B1D6-073879B3B222}.Release|Mixed Platforms.ActiveCfg = Release|Any CPU
		{A8091C14-2D70-4134-B1D6-073879B3B222}.Release|Mixed Platforms.Build.0 = Release|Any CPU
		{A8091C14-2D70-4134-B1D6-073879B3B222}.Release|x86.ActiveCfg = Release|Any CPU
		{D395DCBD-B755-495E-BE2B-D80EB3A4CAB5}.Debug|Any CPU.ActiveCfg = Debug|Any CPU
		{D395DCBD-B755-495E-BE2B-D80EB3A4CAB5}.Debug|Any CPU.Build.0 = Debug|Any CPU
		{D395DCBD-B755-495E-BE2B-D80EB3A4CAB5}.Debug|Any CPU.Deploy.0 = Debug|Any CPU
		{D395DCBD-B755-495E-BE2B-D80EB3A4CAB5}.Debug|Mixed Platforms.ActiveCfg = Debug|Any CPU
		{D395DCBD-B755-495E-BE2B-D80EB3A4CAB5}.Debug|Mixed Platforms.Build.0 = Debug|Any CPU
		{D395DCBD-B755-495E-BE2B-D80EB3A4CAB5}.Debug|Mixed Platforms.Deploy.0 = Debug|Any CPU
		{D395DCBD-B755-495E-BE2B-D80EB3A4CAB5}.Debug|x86.ActiveCfg = Debug|Any CPU
		{D395DCBD-B755-495E-BE2B-D80EB3A4CAB5}.Release|Any CPU.ActiveCfg = Release|Any CPU
		{D395DCBD-B755-495E-BE2B-D80EB3A4CAB5}.Release|Any CPU.Build.0 = Release|Any CPU
		{D395DCBD-B755-495E-BE2B-D80EB3A4CAB5}.Release|Any CPU.Deploy.0 = Release|Any CPU
		{D395DCBD-B755-495E-BE2B-D80EB3A4CAB5}.Release|Mixed Platforms.ActiveCfg = Release|Any CPU
		{D395DCBD-B755-495E-BE2B-D80EB3A4CAB5}.Release|Mixed Platforms.Build.0 = Release|Any CPU
		{D395DCBD-B755-495E-BE2B-D80EB3A4CAB5}.Release|Mixed Platforms.Deploy.0 = Release|Any CPU
		{D395DCBD-B755-495E-BE2B-D80EB3A4CAB5}.Release|x86.ActiveCfg = Release|Any CPU
		{3FFB23FC-34B1-495A-A399-453D8C151B06}.Debug|Any CPU.ActiveCfg = Debug|Any CPU
		{3FFB23FC-34B1-495A-A399-453D8C151B06}.Debug|Any CPU.Build.0 = Debug|Any CPU
		{3FFB23FC-34B1-495A-A399-453D8C151B06}.Debug|Mixed Platforms.ActiveCfg = Debug|Any CPU
		{3FFB23FC-34B1-495A-A399-453D8C151B06}.Debug|Mixed Platforms.Build.0 = Debug|Any CPU
		{3FFB23FC-34B1-495A-A399-453D8C151B06}.Debug|x86.ActiveCfg = Debug|Any CPU
		{3FFB23FC-34B1-495A-A399-453D8C151B06}.Release|Any CPU.ActiveCfg = Release|Any CPU
		{3FFB23FC-34B1-495A-A399-453D8C151B06}.Release|Any CPU.Build.0 = Release|Any CPU
		{3FFB23FC-34B1-495A-A399-453D8C151B06}.Release|Mixed Platforms.ActiveCfg = Release|Any CPU
		{3FFB23FC-34B1-495A-A399-453D8C151B06}.Release|Mixed Platforms.Build.0 = Release|Any CPU
		{3FFB23FC-34B1-495A-A399-453D8C151B06}.Release|x86.ActiveCfg = Release|Any CPU
		{8F3D0821-80EE-4AD2-A9A9-9FD1FF14C9F8}.Debug|Any CPU.ActiveCfg = Debug|Any CPU
		{8F3D0821-80EE-4AD2-A9A9-9FD1FF14C9F8}.Debug|Any CPU.Build.0 = Debug|Any CPU
		{8F3D0821-80EE-4AD2-A9A9-9FD1FF14C9F8}.Debug|Mixed Platforms.ActiveCfg = Debug|Any CPU
		{8F3D0821-80EE-4AD2-A9A9-9FD1FF14C9F8}.Debug|Mixed Platforms.Build.0 = Debug|Any CPU
		{8F3D0821-80EE-4AD2-A9A9-9FD1FF14C9F8}.Debug|x86.ActiveCfg = Debug|Any CPU
		{8F3D0821-80EE-4AD2-A9A9-9FD1FF14C9F8}.Release|Any CPU.ActiveCfg = Release|Any CPU
		{8F3D0821-80EE-4AD2-A9A9-9FD1FF14C9F8}.Release|Any CPU.Build.0 = Release|Any CPU
		{8F3D0821-80EE-4AD2-A9A9-9FD1FF14C9F8}.Release|Mixed Platforms.ActiveCfg = Release|Any CPU
		{8F3D0821-80EE-4AD2-A9A9-9FD1FF14C9F8}.Release|Mixed Platforms.Build.0 = Release|Any CPU
		{8F3D0821-80EE-4AD2-A9A9-9FD1FF14C9F8}.Release|x86.ActiveCfg = Release|Any CPU
		{5C8BECF5-8309-42A3-A84D-1790D0F9AF0D}.Debug|Any CPU.ActiveCfg = Debug|x86
		{5C8BECF5-8309-42A3-A84D-1790D0F9AF0D}.Debug|Mixed Platforms.ActiveCfg = Debug|x86
		{5C8BECF5-8309-42A3-A84D-1790D0F9AF0D}.Debug|Mixed Platforms.Build.0 = Debug|x86
		{5C8BECF5-8309-42A3-A84D-1790D0F9AF0D}.Debug|x86.ActiveCfg = Debug|x86
		{5C8BECF5-8309-42A3-A84D-1790D0F9AF0D}.Debug|x86.Build.0 = Debug|x86
		{5C8BECF5-8309-42A3-A84D-1790D0F9AF0D}.Release|Any CPU.ActiveCfg = Release|x86
		{5C8BECF5-8309-42A3-A84D-1790D0F9AF0D}.Release|Mixed Platforms.ActiveCfg = Release|x86
		{5C8BECF5-8309-42A3-A84D-1790D0F9AF0D}.Release|Mixed Platforms.Build.0 = Release|x86
		{5C8BECF5-8309-42A3-A84D-1790D0F9AF0D}.Release|x86.ActiveCfg = Release|x86
		{5C8BECF5-8309-42A3-A84D-1790D0F9AF0D}.Release|x86.Build.0 = Release|x86
		{45064BB2-B95C-4F14-B5B3-9862B9EBAD67}.Debug|Any CPU.ActiveCfg = Debug|Any CPU
		{45064BB2-B95C-4F14-B5B3-9862B9EBAD67}.Debug|Any CPU.Build.0 = Debug|Any CPU
		{45064BB2-B95C-4F14-B5B3-9862B9EBAD67}.Debug|Mixed Platforms.ActiveCfg = Debug|Any CPU
		{45064BB2-B95C-4F14-B5B3-9862B9EBAD67}.Debug|Mixed Platforms.Build.0 = Debug|Any CPU
		{45064BB2-B95C-4F14-B5B3-9862B9EBAD67}.Debug|x86.ActiveCfg = Debug|Any CPU
		{45064BB2-B95C-4F14-B5B3-9862B9EBAD67}.Release|Any CPU.ActiveCfg = Release|Any CPU
		{45064BB2-B95C-4F14-B5B3-9862B9EBAD67}.Release|Any CPU.Build.0 = Release|Any CPU
		{45064BB2-B95C-4F14-B5B3-9862B9EBAD67}.Release|Mixed Platforms.ActiveCfg = Release|Any CPU
		{45064BB2-B95C-4F14-B5B3-9862B9EBAD67}.Release|Mixed Platforms.Build.0 = Release|Any CPU
		{45064BB2-B95C-4F14-B5B3-9862B9EBAD67}.Release|x86.ActiveCfg = Release|Any CPU
		{8C56968E-853C-4BD5-8CA2-4FC8B4553A04}.Debug|Any CPU.ActiveCfg = Debug|Any CPU
		{8C56968E-853C-4BD5-8CA2-4FC8B4553A04}.Debug|Any CPU.Build.0 = Debug|Any CPU
		{8C56968E-853C-4BD5-8CA2-4FC8B4553A04}.Debug|Mixed Platforms.ActiveCfg = Debug|Any CPU
		{8C56968E-853C-4BD5-8CA2-4FC8B4553A04}.Debug|Mixed Platforms.Build.0 = Debug|Any CPU
		{8C56968E-853C-4BD5-8CA2-4FC8B4553A04}.Debug|x86.ActiveCfg = Debug|Any CPU
		{8C56968E-853C-4BD5-8CA2-4FC8B4553A04}.Release|Any CPU.ActiveCfg = Release|Any CPU
		{8C56968E-853C-4BD5-8CA2-4FC8B4553A04}.Release|Any CPU.Build.0 = Release|Any CPU
		{8C56968E-853C-4BD5-8CA2-4FC8B4553A04}.Release|Mixed Platforms.ActiveCfg = Release|Any CPU
		{8C56968E-853C-4BD5-8CA2-4FC8B4553A04}.Release|Mixed Platforms.Build.0 = Release|Any CPU
		{8C56968E-853C-4BD5-8CA2-4FC8B4553A04}.Release|x86.ActiveCfg = Release|Any CPU
		{B6A2440D-8380-478C-8221-79C738EDB886}.Debug|Any CPU.ActiveCfg = Debug|x86
		{B6A2440D-8380-478C-8221-79C738EDB886}.Debug|Mixed Platforms.ActiveCfg = Debug|x86
		{B6A2440D-8380-478C-8221-79C738EDB886}.Debug|Mixed Platforms.Build.0 = Debug|x86
		{B6A2440D-8380-478C-8221-79C738EDB886}.Debug|x86.ActiveCfg = Debug|x86
		{B6A2440D-8380-478C-8221-79C738EDB886}.Debug|x86.Build.0 = Debug|x86
		{B6A2440D-8380-478C-8221-79C738EDB886}.Release|Any CPU.ActiveCfg = Release|x86
		{B6A2440D-8380-478C-8221-79C738EDB886}.Release|Mixed Platforms.ActiveCfg = Release|x86
		{B6A2440D-8380-478C-8221-79C738EDB886}.Release|Mixed Platforms.Build.0 = Release|x86
		{B6A2440D-8380-478C-8221-79C738EDB886}.Release|x86.ActiveCfg = Release|x86
		{B6A2440D-8380-478C-8221-79C738EDB886}.Release|x86.Build.0 = Release|x86
	EndGlobalSection
	GlobalSection(SolutionProperties) = preSolution
		HideSolutionNode = FALSE
	EndGlobalSection
	GlobalSection(NestedProjects) = preSolution
		{B84CA9A9-614B-4B63-93FC-2571ED632F0D} = {AF595E5A-89C7-41FC-9FEE-6AEDA3EFFDD6}
		{6308284E-4BB9-4F83-B367-B053AE211FA0} = {AF595E5A-89C7-41FC-9FEE-6AEDA3EFFDD6}
		{3A3AD64E-36A1-487B-BBEE-EF6B958D1239} = {DAC3C8C4-764C-44B9-B3E2-42D603EBB2D4}
		{53BF7070-5D8E-46B0-9B1A-6CA815EA71B5} = {DAC3C8C4-764C-44B9-B3E2-42D603EBB2D4}
		{F33BDD51-237E-4188-936F-6987BBB118C3} = {DAC3C8C4-764C-44B9-B3E2-42D603EBB2D4}
		{B81BA61E-B7C5-4D72-BBA0-F1E92467978F} = {DAC3C8C4-764C-44B9-B3E2-42D603EBB2D4}
		{D64554D3-477C-473A-9F7B-205B9BB2D9D0} = {DAC3C8C4-764C-44B9-B3E2-42D603EBB2D4}
		{3498898C-B190-4C73-9343-8F37CC50612E} = {DAC3C8C4-764C-44B9-B3E2-42D603EBB2D4}
		{8D7C7886-B36F-4D29-A87E-6FEB61324965} = {DAC3C8C4-764C-44B9-B3E2-42D603EBB2D4}
		{E00B965A-FB71-452D-AB9A-49B96739C728} = {DAC3C8C4-764C-44B9-B3E2-42D603EBB2D4}
		{D395DCBD-B755-495E-BE2B-D80EB3A4CAB5} = {7F7D7C24-2B56-424D-840C-DEDF138900F9}
		{3FFB23FC-34B1-495A-A399-453D8C151B06} = {7F7D7C24-2B56-424D-840C-DEDF138900F9}
		{DD322F66-0E88-4B71-B31C-C023C70FF601} = {15475FBE-3CCD-4C61-8C5A-E72E11FB74DA}
		{FA8D26D5-836C-49C6-86F4-6E21F23C60C9} = {15475FBE-3CCD-4C61-8C5A-E72E11FB74DA}
		{768DA25A-1384-4D7D-9D78-C43704B7C922} = {15475FBE-3CCD-4C61-8C5A-E72E11FB74DA}
		{8F3D0821-80EE-4AD2-A9A9-9FD1FF14C9F8} = {15475FBE-3CCD-4C61-8C5A-E72E11FB74DA}
		{6188A44D-9BAE-4D75-8B4B-2FEB25513A8C} = {355BFC41-3C05-49B3-8DCC-D98CD64D37B4}
		{9B5BD230-CA51-4274-80C9-180D7C3B7773} = {355BFC41-3C05-49B3-8DCC-D98CD64D37B4}
		{5ACAA4E9-E094-4E21-97C2-16494F32E43B} = {355BFC41-3C05-49B3-8DCC-D98CD64D37B4}
		{20B9E65E-8C0F-49EB-B8DA-10E57255D3A3} = {355BFC41-3C05-49B3-8DCC-D98CD64D37B4}
		{C903F5B2-74FA-4018-9A1A-1384DF44F4B8} = {355BFC41-3C05-49B3-8DCC-D98CD64D37B4}
		{A8091C14-2D70-4134-B1D6-073879B3B222} = {4C3DB19B-EC69-42ED-8AC8-B587AC9484A9}
		{45064BB2-B95C-4F14-B5B3-9862B9EBAD67} = {E7A3C695-EFCE-402D-8242-B5AF0C668CF2}
		{8C56968E-853C-4BD5-8CA2-4FC8B4553A04} = {E7A3C695-EFCE-402D-8242-B5AF0C668CF2}
		{B6A2440D-8380-478C-8221-79C738EDB886} = {E7A3C695-EFCE-402D-8242-B5AF0C668CF2}
	EndGlobalSection
EndGlobal
