
Microsoft Visual Studio Solution File, Format Version 11.00
# Visual Studio 2010
Project("{2150E333-8FDC-42A3-9474-1A3956D46DE8}") = "Apps", "Apps", "{FCC5C077-390C-47F1-8F90-844F58C3B6FA}"
EndProject
Project("{2150E333-8FDC-42A3-9474-1A3956D46DE8}") = "WCFTest", "WCFTest", "{576B5666-C167-478B-99B5-53BF52136FBD}"
EndProject
Project("{2150E333-8FDC-42A3-9474-1A3956D46DE8}") = "FinalWork", "FinalWork", "{5850F877-F9AA-43DD-A06C-CF3F645B424B}"
EndProject
Project("{FAE04EC0-301F-11D3-BF4B-00C04F79EFBC}") = "RDP", "projects\Apps\RDP\RDP.csproj", "{5C8BECF5-8309-42A3-A84D-1790D0F9AF0D}"
EndProject
Project("{FAE04EC0-301F-11D3-BF4B-00C04F79EFBC}") = "WTopology", "projects\Apps\WTopology\WTopology.csproj", "{768DA25A-1384-4D7D-9D78-C43704B7C922}"
EndProject
Project("{FAE04EC0-301F-11D3-BF4B-00C04F79EFBC}") = "ConsoleApp", "projects\FinalWork\Console_App\ConsoleApp.csproj", "{B6A2440D-8380-478C-8221-79C738EDB886}"
EndProject
Project("{FAE04EC0-301F-11D3-BF4B-00C04F79EFBC}") = "ConsoleApplicationTest", "projects\FinalWork\ConsoleApplicationTest\ConsoleApplicationTest.csproj", "{FE1C2559-4FE4-492A-8D85-70021E2F3A9E}"
EndProject
Project("{FAE04EC0-301F-11D3-BF4B-00C04F79EFBC}") = "client", "projects\WCFTEST\client\client.csproj", "{5ACAA4E9-E094-4E21-97C2-16494F32E43B}"
EndProject
Project("{FAE04EC0-301F-11D3-BF4B-00C04F79EFBC}") = "ConsoleHost", "projects\WCFTEST\ConsoleHost\ConsoleHost.csproj", "{20B9E65E-8C0F-49EB-B8DA-10E57255D3A3}"
EndProject
Project("{FAE04EC0-301F-11D3-BF4B-00C04F79EFBC}") = "IISHost", "projects\WCFTEST\IISHost\IISHost.csproj", "{9B5BD230-CA51-4274-80C9-180D7C3B7773}"
EndProject
Project("{FAE04EC0-301F-11D3-BF4B-00C04F79EFBC}") = "wcfLibrary", "projects\WCFTEST\wcfLibrary\wcfLibrary.csproj", "{6188A44D-9BAE-4D75-8B4B-2FEB25513A8C}"
EndProject
Project("{FAE04EC0-301F-11D3-BF4B-00C04F79EFBC}") = "winServiceHost", "projects\WCFTEST\winServiceHost\winServiceHost.csproj", "{C903F5B2-74FA-4018-9A1A-1384DF44F4B8}"
EndProject
Project("{FAE04EC0-301F-11D3-BF4B-00C04F79EFBC}") = "ModelsProject", "projects\ModelsProject\ModelsProject.csproj", "{B06C4D4B-DB5B-4B8E-BD49-46C0457819EB}"
EndProject
Project("{FAE04EC0-301F-11D3-BF4B-00C04F79EFBC}") = "MvcApplication", "projects\FinalWork\MvcApplication\MvcApplication.csproj", "{CE0749B4-2F1C-4707-BB0F-EA103D37112C}"
EndProject
Project("{FAE04EC0-301F-11D3-BF4B-00C04F79EFBC}") = "MVC-Mobile", "projects\FinalWork\MVC-Mobile\MVC-Mobile.csproj", "{B84CA9A9-614B-4B63-93FC-2571ED632F0D}"
EndProject
Project("{FAE04EC0-301F-11D3-BF4B-00C04F79EFBC}") = "ParallelAsync", "projects\FinalWork\ParallelAsync\ParallelAsync.csproj", "{CA4E3362-FCDE-4919-BB38-9A3D4ADC13FD}"
EndProject
Project("{2150E333-8FDC-42A3-9474-1A3956D46DE8}") = "AccountingSrv", "AccountingSrv", "{F68C4B67-D5FD-45F0-8FAA-613F36CBBC6D}"
EndProject
Project("{FAE04EC0-301F-11D3-BF4B-00C04F79EFBC}") = "AccountingServiceClient", "projects\Apps\AccountingSrv\AccountingServiceClient\AccountingServiceClient.csproj", "{94028C68-6B77-40F3-998E-B179D1E2E03E}"
	ProjectSection(ProjectDependencies) = postProject
		{2681DC0E-B0A8-4456-B3CF-77BFC1785A64} = {2681DC0E-B0A8-4456-B3CF-77BFC1785A64}
	EndProjectSection
EndProject
Project("{FAE04EC0-301F-11D3-BF4B-00C04F79EFBC}") = "AccountingServiceHost", "projects\Apps\AccountingSrv\AccountingServiceHost\AccountingServiceHost.csproj", "{2681DC0E-B0A8-4456-B3CF-77BFC1785A64}"
EndProject
Project("{FAE04EC0-301F-11D3-BF4B-00C04F79EFBC}") = "Themes", "projects\FinalWork\Themes\Themes.csproj", "{E3053BC6-3C1F-4BE4-A15C-BB741DEB455E}"
EndProject
Project("{2150E333-8FDC-42A3-9474-1A3956D46DE8}") = "Realestate", "Realestate", "{82E78E38-268E-4106-ABE8-F2ABF06F2D96}"
EndProject
Project("{FAE04EC0-301F-11D3-BF4B-00C04F79EFBC}") = "realestateweb", "projects\Apps\Realestate\realestateweb\realestateweb.csproj", "{0535C597-CB6A-454A-B027-5C889AA2AAA5}"
EndProject
Project("{FAE04EC0-301F-11D3-BF4B-00C04F79EFBC}") = "AccountingService", "projects\Apps\AccountingSrv\AccountingService\AccountingService.csproj", "{CB173147-145D-471F-A1D7-00DCAC12D282}"
EndProject
Project("{FAE04EC0-301F-11D3-BF4B-00C04F79EFBC}") = "AccountingLib", "projects\Apps\AccountingSrv\AccountingLib\AccountingLib.csproj", "{59B0BED6-A2AB-4D84-AE34-561EB51F4830}"
EndProject
Project("{FAE04EC0-301F-11D3-BF4B-00C04F79EFBC}") = "webComponents", "projects\Apps\webComponents\webComponents.csproj", "{253BBAA0-D8C0-470D-89D6-726AC3B10E13}"
EndProject
Global
	GlobalSection(SolutionConfigurationPlatforms) = preSolution
		Debug|Any CPU = Debug|Any CPU
		Debug|Mixed Platforms = Debug|Mixed Platforms
		Debug|x86 = Debug|x86
		Release|Any CPU = Release|Any CPU
		Release|Mixed Platforms = Release|Mixed Platforms
		Release|x86 = Release|x86
	EndGlobalSection
	GlobalSection(ProjectConfigurationPlatforms) = postSolution
		{5C8BECF5-8309-42A3-A84D-1790D0F9AF0D}.Debug|Any CPU.ActiveCfg = Debug|x86
		{5C8BECF5-8309-42A3-A84D-1790D0F9AF0D}.Debug|Mixed Platforms.ActiveCfg = Debug|x86
		{5C8BECF5-8309-42A3-A84D-1790D0F9AF0D}.Debug|Mixed Platforms.Build.0 = Debug|x86
		{5C8BECF5-8309-42A3-A84D-1790D0F9AF0D}.Debug|x86.ActiveCfg = Debug|x86
		{5C8BECF5-8309-42A3-A84D-1790D0F9AF0D}.Debug|x86.Build.0 = Debug|x86
		{5C8BECF5-8309-42A3-A84D-1790D0F9AF0D}.Release|Any CPU.ActiveCfg = Release|x86
		{5C8BECF5-8309-42A3-A84D-1790D0F9AF0D}.Release|Mixed Platforms.ActiveCfg = Release|x86
		{5C8BECF5-8309-42A3-A84D-1790D0F9AF0D}.Release|Mixed Platforms.Build.0 = Release|x86
		{5C8BECF5-8309-42A3-A84D-1790D0F9AF0D}.Release|x86.ActiveCfg = Release|x86
		{5C8BECF5-8309-42A3-A84D-1790D0F9AF0D}.Release|x86.Build.0 = Release|x86
		{768DA25A-1384-4D7D-9D78-C43704B7C922}.Debug|Any CPU.ActiveCfg = Debug|Any CPU
		{768DA25A-1384-4D7D-9D78-C43704B7C922}.Debug|Any CPU.Build.0 = Debug|Any CPU
		{768DA25A-1384-4D7D-9D78-C43704B7C922}.Debug|Mixed Platforms.ActiveCfg = Debug|Any CPU
		{768DA25A-1384-4D7D-9D78-C43704B7C922}.Debug|Mixed Platforms.Build.0 = Debug|Any CPU
		{768DA25A-1384-4D7D-9D78-C43704B7C922}.Debug|x86.ActiveCfg = Debug|Any CPU
		{768DA25A-1384-4D7D-9D78-C43704B7C922}.Release|Any CPU.ActiveCfg = Release|Any CPU
		{768DA25A-1384-4D7D-9D78-C43704B7C922}.Release|Any CPU.Build.0 = Release|Any CPU
		{768DA25A-1384-4D7D-9D78-C43704B7C922}.Release|Mixed Platforms.ActiveCfg = Release|Any CPU
		{768DA25A-1384-4D7D-9D78-C43704B7C922}.Release|Mixed Platforms.Build.0 = Release|Any CPU
		{768DA25A-1384-4D7D-9D78-C43704B7C922}.Release|x86.ActiveCfg = Release|Any CPU
		{B6A2440D-8380-478C-8221-79C738EDB886}.Debug|Any CPU.ActiveCfg = Debug|x86
		{B6A2440D-8380-478C-8221-79C738EDB886}.Debug|Mixed Platforms.ActiveCfg = Debug|x86
		{B6A2440D-8380-478C-8221-79C738EDB886}.Debug|Mixed Platforms.Build.0 = Debug|x86
		{B6A2440D-8380-478C-8221-79C738EDB886}.Debug|x86.ActiveCfg = Debug|x86
		{B6A2440D-8380-478C-8221-79C738EDB886}.Debug|x86.Build.0 = Debug|x86
		{B6A2440D-8380-478C-8221-79C738EDB886}.Release|Any CPU.ActiveCfg = Release|x86
		{B6A2440D-8380-478C-8221-79C738EDB886}.Release|Mixed Platforms.ActiveCfg = Release|x86
		{B6A2440D-8380-478C-8221-79C738EDB886}.Release|Mixed Platforms.Build.0 = Release|x86
		{B6A2440D-8380-478C-8221-79C738EDB886}.Release|x86.ActiveCfg = Release|x86
		{B6A2440D-8380-478C-8221-79C738EDB886}.Release|x86.Build.0 = Release|x86
		{FE1C2559-4FE4-492A-8D85-70021E2F3A9E}.Debug|Any CPU.ActiveCfg = Debug|x86
		{FE1C2559-4FE4-492A-8D85-70021E2F3A9E}.Debug|Mixed Platforms.ActiveCfg = Debug|x86
		{FE1C2559-4FE4-492A-8D85-70021E2F3A9E}.Debug|Mixed Platforms.Build.0 = Debug|x86
		{FE1C2559-4FE4-492A-8D85-70021E2F3A9E}.Debug|x86.ActiveCfg = Debug|x86
		{FE1C2559-4FE4-492A-8D85-70021E2F3A9E}.Debug|x86.Build.0 = Debug|x86
		{FE1C2559-4FE4-492A-8D85-70021E2F3A9E}.Release|Any CPU.ActiveCfg = Release|x86
		{FE1C2559-4FE4-492A-8D85-70021E2F3A9E}.Release|Mixed Platforms.ActiveCfg = Release|x86
		{FE1C2559-4FE4-492A-8D85-70021E2F3A9E}.Release|Mixed Platforms.Build.0 = Release|x86
		{FE1C2559-4FE4-492A-8D85-70021E2F3A9E}.Release|x86.ActiveCfg = Release|x86
		{FE1C2559-4FE4-492A-8D85-70021E2F3A9E}.Release|x86.Build.0 = Release|x86
		{5ACAA4E9-E094-4E21-97C2-16494F32E43B}.Debug|Any CPU.ActiveCfg = Debug|x86
		{5ACAA4E9-E094-4E21-97C2-16494F32E43B}.Debug|Mixed Platforms.ActiveCfg = Debug|x86
		{5ACAA4E9-E094-4E21-97C2-16494F32E43B}.Debug|Mixed Platforms.Build.0 = Debug|x86
		{5ACAA4E9-E094-4E21-97C2-16494F32E43B}.Debug|x86.ActiveCfg = Debug|x86
		{5ACAA4E9-E094-4E21-97C2-16494F32E43B}.Debug|x86.Build.0 = Debug|x86
		{5ACAA4E9-E094-4E21-97C2-16494F32E43B}.Release|Any CPU.ActiveCfg = Release|x86
		{5ACAA4E9-E094-4E21-97C2-16494F32E43B}.Release|Mixed Platforms.ActiveCfg = Release|x86
		{5ACAA4E9-E094-4E21-97C2-16494F32E43B}.Release|Mixed Platforms.Build.0 = Release|x86
		{5ACAA4E9-E094-4E21-97C2-16494F32E43B}.Release|x86.ActiveCfg = Release|x86
		{5ACAA4E9-E094-4E21-97C2-16494F32E43B}.Release|x86.Build.0 = Release|x86
		{20B9E65E-8C0F-49EB-B8DA-10E57255D3A3}.Debug|Any CPU.ActiveCfg = Debug|x86
		{20B9E65E-8C0F-49EB-B8DA-10E57255D3A3}.Debug|Mixed Platforms.ActiveCfg = Debug|x86
		{20B9E65E-8C0F-49EB-B8DA-10E57255D3A3}.Debug|Mixed Platforms.Build.0 = Debug|x86
		{20B9E65E-8C0F-49EB-B8DA-10E57255D3A3}.Debug|x86.ActiveCfg = Debug|x86
		{20B9E65E-8C0F-49EB-B8DA-10E57255D3A3}.Debug|x86.Build.0 = Debug|x86
		{20B9E65E-8C0F-49EB-B8DA-10E57255D3A3}.Release|Any CPU.ActiveCfg = Release|x86
		{20B9E65E-8C0F-49EB-B8DA-10E57255D3A3}.Release|Mixed Platforms.ActiveCfg = Release|x86
		{20B9E65E-8C0F-49EB-B8DA-10E57255D3A3}.Release|Mixed Platforms.Build.0 = Release|x86
		{20B9E65E-8C0F-49EB-B8DA-10E57255D3A3}.Release|x86.ActiveCfg = Release|x86
		{20B9E65E-8C0F-49EB-B8DA-10E57255D3A3}.Release|x86.Build.0 = Release|x86
		{9B5BD230-CA51-4274-80C9-180D7C3B7773}.Debug|Any CPU.ActiveCfg = Debug|Any CPU
		{9B5BD230-CA51-4274-80C9-180D7C3B7773}.Debug|Any CPU.Build.0 = Debug|Any CPU
		{9B5BD230-CA51-4274-80C9-180D7C3B7773}.Debug|Mixed Platforms.ActiveCfg = Debug|Any CPU
		{9B5BD230-CA51-4274-80C9-180D7C3B7773}.Debug|Mixed Platforms.Build.0 = Debug|Any CPU
		{9B5BD230-CA51-4274-80C9-180D7C3B7773}.Debug|x86.ActiveCfg = Debug|Any CPU
		{9B5BD230-CA51-4274-80C9-180D7C3B7773}.Release|Any CPU.ActiveCfg = Release|Any CPU
		{9B5BD230-CA51-4274-80C9-180D7C3B7773}.Release|Any CPU.Build.0 = Release|Any CPU
		{9B5BD230-CA51-4274-80C9-180D7C3B7773}.Release|Mixed Platforms.ActiveCfg = Release|Any CPU
		{9B5BD230-CA51-4274-80C9-180D7C3B7773}.Release|Mixed Platforms.Build.0 = Release|Any CPU
		{9B5BD230-CA51-4274-80C9-180D7C3B7773}.Release|x86.ActiveCfg = Release|Any CPU
		{6188A44D-9BAE-4D75-8B4B-2FEB25513A8C}.Debug|Any CPU.ActiveCfg = Debug|Any CPU
		{6188A44D-9BAE-4D75-8B4B-2FEB25513A8C}.Debug|Any CPU.Build.0 = Debug|Any CPU
		{6188A44D-9BAE-4D75-8B4B-2FEB25513A8C}.Debug|Mixed Platforms.ActiveCfg = Debug|Any CPU
		{6188A44D-9BAE-4D75-8B4B-2FEB25513A8C}.Debug|Mixed Platforms.Build.0 = Debug|Any CPU
		{6188A44D-9BAE-4D75-8B4B-2FEB25513A8C}.Debug|x86.ActiveCfg = Debug|Any CPU
		{6188A44D-9BAE-4D75-8B4B-2FEB25513A8C}.Release|Any CPU.ActiveCfg = Release|Any CPU
		{6188A44D-9BAE-4D75-8B4B-2FEB25513A8C}.Release|Any CPU.Build.0 = Release|Any CPU
		{6188A44D-9BAE-4D75-8B4B-2FEB25513A8C}.Release|Mixed Platforms.ActiveCfg = Release|Any CPU
		{6188A44D-9BAE-4D75-8B4B-2FEB25513A8C}.Release|Mixed Platforms.Build.0 = Release|Any CPU
		{6188A44D-9BAE-4D75-8B4B-2FEB25513A8C}.Release|x86.ActiveCfg = Release|Any CPU
		{C903F5B2-74FA-4018-9A1A-1384DF44F4B8}.Debug|Any CPU.ActiveCfg = Debug|x86
		{C903F5B2-74FA-4018-9A1A-1384DF44F4B8}.Debug|Mixed Platforms.ActiveCfg = Debug|x86
		{C903F5B2-74FA-4018-9A1A-1384DF44F4B8}.Debug|Mixed Platforms.Build.0 = Debug|x86
		{C903F5B2-74FA-4018-9A1A-1384DF44F4B8}.Debug|x86.ActiveCfg = Debug|x86
		{C903F5B2-74FA-4018-9A1A-1384DF44F4B8}.Debug|x86.Build.0 = Debug|x86
		{C903F5B2-74FA-4018-9A1A-1384DF44F4B8}.Release|Any CPU.ActiveCfg = Release|x86
		{C903F5B2-74FA-4018-9A1A-1384DF44F4B8}.Release|Mixed Platforms.ActiveCfg = Release|x86
		{C903F5B2-74FA-4018-9A1A-1384DF44F4B8}.Release|Mixed Platforms.Build.0 = Release|x86
		{C903F5B2-74FA-4018-9A1A-1384DF44F4B8}.Release|x86.ActiveCfg = Release|x86
		{C903F5B2-74FA-4018-9A1A-1384DF44F4B8}.Release|x86.Build.0 = Release|x86
		{B06C4D4B-DB5B-4B8E-BD49-46C0457819EB}.Debug|Any CPU.ActiveCfg = Debug|Any CPU
		{B06C4D4B-DB5B-4B8E-BD49-46C0457819EB}.Debug|Any CPU.Build.0 = Debug|Any CPU
		{B06C4D4B-DB5B-4B8E-BD49-46C0457819EB}.Debug|Mixed Platforms.ActiveCfg = Debug|Any CPU
		{B06C4D4B-DB5B-4B8E-BD49-46C0457819EB}.Debug|Mixed Platforms.Build.0 = Debug|Any CPU
		{B06C4D4B-DB5B-4B8E-BD49-46C0457819EB}.Debug|x86.ActiveCfg = Debug|Any CPU
		{B06C4D4B-DB5B-4B8E-BD49-46C0457819EB}.Release|Any CPU.ActiveCfg = Release|Any CPU
		{B06C4D4B-DB5B-4B8E-BD49-46C0457819EB}.Release|Any CPU.Build.0 = Release|Any CPU
		{B06C4D4B-DB5B-4B8E-BD49-46C0457819EB}.Release|Mixed Platforms.ActiveCfg = Release|Any CPU
		{B06C4D4B-DB5B-4B8E-BD49-46C0457819EB}.Release|Mixed Platforms.Build.0 = Release|Any CPU
		{B06C4D4B-DB5B-4B8E-BD49-46C0457819EB}.Release|x86.ActiveCfg = Release|Any CPU
		{CE0749B4-2F1C-4707-BB0F-EA103D37112C}.Debug|Any CPU.ActiveCfg = Debug|Any CPU
		{CE0749B4-2F1C-4707-BB0F-EA103D37112C}.Debug|Any CPU.Build.0 = Debug|Any CPU
		{CE0749B4-2F1C-4707-BB0F-EA103D37112C}.Debug|Mixed Platforms.ActiveCfg = Debug|Any CPU
		{CE0749B4-2F1C-4707-BB0F-EA103D37112C}.Debug|Mixed Platforms.Build.0 = Debug|Any CPU
		{CE0749B4-2F1C-4707-BB0F-EA103D37112C}.Debug|x86.ActiveCfg = Debug|Any CPU
		{CE0749B4-2F1C-4707-BB0F-EA103D37112C}.Release|Any CPU.ActiveCfg = Release|Any CPU
		{CE0749B4-2F1C-4707-BB0F-EA103D37112C}.Release|Any CPU.Build.0 = Release|Any CPU
		{CE0749B4-2F1C-4707-BB0F-EA103D37112C}.Release|Mixed Platforms.ActiveCfg = Release|Any CPU
		{CE0749B4-2F1C-4707-BB0F-EA103D37112C}.Release|Mixed Platforms.Build.0 = Release|Any CPU
		{CE0749B4-2F1C-4707-BB0F-EA103D37112C}.Release|x86.ActiveCfg = Release|Any CPU
		{B84CA9A9-614B-4B63-93FC-2571ED632F0D}.Debug|Any CPU.ActiveCfg = Debug|Any CPU
		{B84CA9A9-614B-4B63-93FC-2571ED632F0D}.Debug|Any CPU.Build.0 = Debug|Any CPU
		{B84CA9A9-614B-4B63-93FC-2571ED632F0D}.Debug|Mixed Platforms.ActiveCfg = Debug|Any CPU
		{B84CA9A9-614B-4B63-93FC-2571ED632F0D}.Debug|Mixed Platforms.Build.0 = Debug|Any CPU
		{B84CA9A9-614B-4B63-93FC-2571ED632F0D}.Debug|x86.ActiveCfg = Debug|Any CPU
		{B84CA9A9-614B-4B63-93FC-2571ED632F0D}.Release|Any CPU.ActiveCfg = Release|Any CPU
		{B84CA9A9-614B-4B63-93FC-2571ED632F0D}.Release|Any CPU.Build.0 = Release|Any CPU
		{B84CA9A9-614B-4B63-93FC-2571ED632F0D}.Release|Mixed Platforms.ActiveCfg = Release|Any CPU
		{B84CA9A9-614B-4B63-93FC-2571ED632F0D}.Release|Mixed Platforms.Build.0 = Release|Any CPU
		{B84CA9A9-614B-4B63-93FC-2571ED632F0D}.Release|x86.ActiveCfg = Release|Any CPU
		{CA4E3362-FCDE-4919-BB38-9A3D4ADC13FD}.Debug|Any CPU.ActiveCfg = Debug|x86
		{CA4E3362-FCDE-4919-BB38-9A3D4ADC13FD}.Debug|Mixed Platforms.ActiveCfg = Debug|x86
		{CA4E3362-FCDE-4919-BB38-9A3D4ADC13FD}.Debug|Mixed Platforms.Build.0 = Debug|x86
		{CA4E3362-FCDE-4919-BB38-9A3D4ADC13FD}.Debug|x86.ActiveCfg = Debug|x86
		{CA4E3362-FCDE-4919-BB38-9A3D4ADC13FD}.Debug|x86.Build.0 = Debug|x86
		{CA4E3362-FCDE-4919-BB38-9A3D4ADC13FD}.Release|Any CPU.ActiveCfg = Release|x86
		{CA4E3362-FCDE-4919-BB38-9A3D4ADC13FD}.Release|Mixed Platforms.ActiveCfg = Release|x86
		{CA4E3362-FCDE-4919-BB38-9A3D4ADC13FD}.Release|Mixed Platforms.Build.0 = Release|x86
		{CA4E3362-FCDE-4919-BB38-9A3D4ADC13FD}.Release|x86.ActiveCfg = Release|x86
		{CA4E3362-FCDE-4919-BB38-9A3D4ADC13FD}.Release|x86.Build.0 = Release|x86
		{94028C68-6B77-40F3-998E-B179D1E2E03E}.Debug|Any CPU.ActiveCfg = Debug|x86
		{94028C68-6B77-40F3-998E-B179D1E2E03E}.Debug|Mixed Platforms.ActiveCfg = Debug|x86
		{94028C68-6B77-40F3-998E-B179D1E2E03E}.Debug|Mixed Platforms.Build.0 = Debug|x86
		{94028C68-6B77-40F3-998E-B179D1E2E03E}.Debug|x86.ActiveCfg = Debug|x86
		{94028C68-6B77-40F3-998E-B179D1E2E03E}.Debug|x86.Build.0 = Debug|x86
		{94028C68-6B77-40F3-998E-B179D1E2E03E}.Release|Any CPU.ActiveCfg = Release|x86
		{94028C68-6B77-40F3-998E-B179D1E2E03E}.Release|Mixed Platforms.ActiveCfg = Release|x86
		{94028C68-6B77-40F3-998E-B179D1E2E03E}.Release|Mixed Platforms.Build.0 = Release|x86
		{94028C68-6B77-40F3-998E-B179D1E2E03E}.Release|x86.ActiveCfg = Release|x86
		{94028C68-6B77-40F3-998E-B179D1E2E03E}.Release|x86.Build.0 = Release|x86
		{2681DC0E-B0A8-4456-B3CF-77BFC1785A64}.Debug|Any CPU.ActiveCfg = Debug|Any CPU
		{2681DC0E-B0A8-4456-B3CF-77BFC1785A64}.Debug|Any CPU.Build.0 = Debug|Any CPU
		{2681DC0E-B0A8-4456-B3CF-77BFC1785A64}.Debug|Mixed Platforms.ActiveCfg = Debug|Any CPU
		{2681DC0E-B0A8-4456-B3CF-77BFC1785A64}.Debug|Mixed Platforms.Build.0 = Debug|Any CPU
		{2681DC0E-B0A8-4456-B3CF-77BFC1785A64}.Debug|x86.ActiveCfg = Debug|Any CPU
		{2681DC0E-B0A8-4456-B3CF-77BFC1785A64}.Release|Any CPU.ActiveCfg = Release|Any CPU
		{2681DC0E-B0A8-4456-B3CF-77BFC1785A64}.Release|Any CPU.Build.0 = Release|Any CPU
		{2681DC0E-B0A8-4456-B3CF-77BFC1785A64}.Release|Mixed Platforms.ActiveCfg = Release|Any CPU
		{2681DC0E-B0A8-4456-B3CF-77BFC1785A64}.Release|Mixed Platforms.Build.0 = Release|Any CPU
		{2681DC0E-B0A8-4456-B3CF-77BFC1785A64}.Release|x86.ActiveCfg = Release|Any CPU
		{E3053BC6-3C1F-4BE4-A15C-BB741DEB455E}.Debug|Any CPU.ActiveCfg = Debug|Any CPU
		{E3053BC6-3C1F-4BE4-A15C-BB741DEB455E}.Debug|Any CPU.Build.0 = Debug|Any CPU
		{E3053BC6-3C1F-4BE4-A15C-BB741DEB455E}.Debug|Mixed Platforms.ActiveCfg = Debug|Any CPU
		{E3053BC6-3C1F-4BE4-A15C-BB741DEB455E}.Debug|Mixed Platforms.Build.0 = Debug|Any CPU
		{E3053BC6-3C1F-4BE4-A15C-BB741DEB455E}.Debug|x86.ActiveCfg = Debug|Any CPU
		{E3053BC6-3C1F-4BE4-A15C-BB741DEB455E}.Release|Any CPU.ActiveCfg = Release|Any CPU
		{E3053BC6-3C1F-4BE4-A15C-BB741DEB455E}.Release|Any CPU.Build.0 = Release|Any CPU
		{E3053BC6-3C1F-4BE4-A15C-BB741DEB455E}.Release|Mixed Platforms.ActiveCfg = Release|Any CPU
		{E3053BC6-3C1F-4BE4-A15C-BB741DEB455E}.Release|Mixed Platforms.Build.0 = Release|Any CPU
		{E3053BC6-3C1F-4BE4-A15C-BB741DEB455E}.Release|x86.ActiveCfg = Release|Any CPU
		{0535C597-CB6A-454A-B027-5C889AA2AAA5}.Debug|Any CPU.ActiveCfg = Debug|Any CPU
		{0535C597-CB6A-454A-B027-5C889AA2AAA5}.Debug|Any CPU.Build.0 = Debug|Any CPU
		{0535C597-CB6A-454A-B027-5C889AA2AAA5}.Debug|Mixed Platforms.ActiveCfg = Debug|Any CPU
		{0535C597-CB6A-454A-B027-5C889AA2AAA5}.Debug|Mixed Platforms.Build.0 = Debug|Any CPU
		{0535C597-CB6A-454A-B027-5C889AA2AAA5}.Debug|x86.ActiveCfg = Debug|Any CPU
		{0535C597-CB6A-454A-B027-5C889AA2AAA5}.Release|Any CPU.ActiveCfg = Release|Any CPU
		{0535C597-CB6A-454A-B027-5C889AA2AAA5}.Release|Any CPU.Build.0 = Release|Any CPU
		{0535C597-CB6A-454A-B027-5C889AA2AAA5}.Release|Mixed Platforms.ActiveCfg = Release|Any CPU
		{0535C597-CB6A-454A-B027-5C889AA2AAA5}.Release|Mixed Platforms.Build.0 = Release|Any CPU
		{0535C597-CB6A-454A-B027-5C889AA2AAA5}.Release|x86.ActiveCfg = Release|Any CPU
		{CB173147-145D-471F-A1D7-00DCAC12D282}.Debug|Any CPU.ActiveCfg = Debug|Any CPU
		{CB173147-145D-471F-A1D7-00DCAC12D282}.Debug|Any CPU.Build.0 = Debug|Any CPU
		{CB173147-145D-471F-A1D7-00DCAC12D282}.Debug|Mixed Platforms.ActiveCfg = Debug|Any CPU
		{CB173147-145D-471F-A1D7-00DCAC12D282}.Debug|Mixed Platforms.Build.0 = Debug|Any CPU
		{CB173147-145D-471F-A1D7-00DCAC12D282}.Debug|x86.ActiveCfg = Debug|Any CPU
		{CB173147-145D-471F-A1D7-00DCAC12D282}.Release|Any CPU.ActiveCfg = Release|Any CPU
		{CB173147-145D-471F-A1D7-00DCAC12D282}.Release|Any CPU.Build.0 = Release|Any CPU
		{CB173147-145D-471F-A1D7-00DCAC12D282}.Release|Mixed Platforms.ActiveCfg = Release|Any CPU
		{CB173147-145D-471F-A1D7-00DCAC12D282}.Release|Mixed Platforms.Build.0 = Release|Any CPU
		{CB173147-145D-471F-A1D7-00DCAC12D282}.Release|x86.ActiveCfg = Release|Any CPU
		{59B0BED6-A2AB-4D84-AE34-561EB51F4830}.Debug|Any CPU.ActiveCfg = Debug|Any CPU
		{59B0BED6-A2AB-4D84-AE34-561EB51F4830}.Debug|Any CPU.Build.0 = Debug|Any CPU
		{59B0BED6-A2AB-4D84-AE34-561EB51F4830}.Debug|Mixed Platforms.ActiveCfg = Debug|Any CPU
		{59B0BED6-A2AB-4D84-AE34-561EB51F4830}.Debug|Mixed Platforms.Build.0 = Debug|Any CPU
		{59B0BED6-A2AB-4D84-AE34-561EB51F4830}.Debug|x86.ActiveCfg = Debug|Any CPU
		{59B0BED6-A2AB-4D84-AE34-561EB51F4830}.Release|Any CPU.ActiveCfg = Release|Any CPU
		{59B0BED6-A2AB-4D84-AE34-561EB51F4830}.Release|Any CPU.Build.0 = Release|Any CPU
		{59B0BED6-A2AB-4D84-AE34-561EB51F4830}.Release|Mixed Platforms.ActiveCfg = Release|Any CPU
		{59B0BED6-A2AB-4D84-AE34-561EB51F4830}.Release|Mixed Platforms.Build.0 = Release|Any CPU
		{59B0BED6-A2AB-4D84-AE34-561EB51F4830}.Release|x86.ActiveCfg = Release|Any CPU
		{253BBAA0-D8C0-470D-89D6-726AC3B10E13}.Debug|Any CPU.ActiveCfg = Debug|Any CPU
		{253BBAA0-D8C0-470D-89D6-726AC3B10E13}.Debug|Any CPU.Build.0 = Debug|Any CPU
		{253BBAA0-D8C0-470D-89D6-726AC3B10E13}.Debug|Mixed Platforms.ActiveCfg = Debug|Any CPU
		{253BBAA0-D8C0-470D-89D6-726AC3B10E13}.Debug|Mixed Platforms.Build.0 = Debug|Any CPU
		{253BBAA0-D8C0-470D-89D6-726AC3B10E13}.Debug|x86.ActiveCfg = Debug|Any CPU
		{253BBAA0-D8C0-470D-89D6-726AC3B10E13}.Release|Any CPU.ActiveCfg = Release|Any CPU
		{253BBAA0-D8C0-470D-89D6-726AC3B10E13}.Release|Any CPU.Build.0 = Release|Any CPU
		{253BBAA0-D8C0-470D-89D6-726AC3B10E13}.Release|Mixed Platforms.ActiveCfg = Release|Any CPU
		{253BBAA0-D8C0-470D-89D6-726AC3B10E13}.Release|Mixed Platforms.Build.0 = Release|Any CPU
		{253BBAA0-D8C0-470D-89D6-726AC3B10E13}.Release|x86.ActiveCfg = Release|Any CPU
	EndGlobalSection
	GlobalSection(SolutionProperties) = preSolution
		HideSolutionNode = FALSE
	EndGlobalSection
	GlobalSection(NestedProjects) = preSolution
		{5C8BECF5-8309-42A3-A84D-1790D0F9AF0D} = {FCC5C077-390C-47F1-8F90-844F58C3B6FA}
		{768DA25A-1384-4D7D-9D78-C43704B7C922} = {FCC5C077-390C-47F1-8F90-844F58C3B6FA}
		{F68C4B67-D5FD-45F0-8FAA-613F36CBBC6D} = {FCC5C077-390C-47F1-8F90-844F58C3B6FA}
		{82E78E38-268E-4106-ABE8-F2ABF06F2D96} = {FCC5C077-390C-47F1-8F90-844F58C3B6FA}
		{253BBAA0-D8C0-470D-89D6-726AC3B10E13} = {FCC5C077-390C-47F1-8F90-844F58C3B6FA}
		{5ACAA4E9-E094-4E21-97C2-16494F32E43B} = {576B5666-C167-478B-99B5-53BF52136FBD}
		{20B9E65E-8C0F-49EB-B8DA-10E57255D3A3} = {576B5666-C167-478B-99B5-53BF52136FBD}
		{9B5BD230-CA51-4274-80C9-180D7C3B7773} = {576B5666-C167-478B-99B5-53BF52136FBD}
		{6188A44D-9BAE-4D75-8B4B-2FEB25513A8C} = {576B5666-C167-478B-99B5-53BF52136FBD}
		{C903F5B2-74FA-4018-9A1A-1384DF44F4B8} = {576B5666-C167-478B-99B5-53BF52136FBD}
		{B6A2440D-8380-478C-8221-79C738EDB886} = {5850F877-F9AA-43DD-A06C-CF3F645B424B}
		{FE1C2559-4FE4-492A-8D85-70021E2F3A9E} = {5850F877-F9AA-43DD-A06C-CF3F645B424B}
		{CE0749B4-2F1C-4707-BB0F-EA103D37112C} = {5850F877-F9AA-43DD-A06C-CF3F645B424B}
		{B84CA9A9-614B-4B63-93FC-2571ED632F0D} = {5850F877-F9AA-43DD-A06C-CF3F645B424B}
		{CA4E3362-FCDE-4919-BB38-9A3D4ADC13FD} = {5850F877-F9AA-43DD-A06C-CF3F645B424B}
		{E3053BC6-3C1F-4BE4-A15C-BB741DEB455E} = {5850F877-F9AA-43DD-A06C-CF3F645B424B}
		{94028C68-6B77-40F3-998E-B179D1E2E03E} = {F68C4B67-D5FD-45F0-8FAA-613F36CBBC6D}
		{2681DC0E-B0A8-4456-B3CF-77BFC1785A64} = {F68C4B67-D5FD-45F0-8FAA-613F36CBBC6D}
		{CB173147-145D-471F-A1D7-00DCAC12D282} = {F68C4B67-D5FD-45F0-8FAA-613F36CBBC6D}
		{59B0BED6-A2AB-4D84-AE34-561EB51F4830} = {F68C4B67-D5FD-45F0-8FAA-613F36CBBC6D}
		{0535C597-CB6A-454A-B027-5C889AA2AAA5} = {82E78E38-268E-4106-ABE8-F2ABF06F2D96}
	EndGlobalSection
EndGlobal
